
Microsoft Visual Studio Solution File, Format Version 12.00
# Visual Studio Version 17
VisualStudioVersion = 17.6.33723.286
MinimumVisualStudioVersion = 10.0.40219.1
Project("{FAE04EC0-301F-11D3-BF4B-00C04F79EFBC}") = "FinanceTracker", "FinanceTracker\FinanceTracker.csproj", "{9ADB9FEC-EA94-4306-93B0-2EE014A84BFB}"
EndProject
Global
	GlobalSection(SolutionConfigurationPlatforms) = preSolution
		Debug|Any CPU = Debug|Any CPU
		Release|Any CPU = Release|Any CPU
	EndGlobalSection
	GlobalSection(ProjectConfigurationPlatforms) = postSolution
		{9ADB9FEC-EA94-4306-93B0-2EE014A84BFB}.Debug|Any CPU.ActiveCfg = Debug|Any CPU
		{9ADB9FEC-EA94-4306-93B0-2EE014A84BFB}.Debug|Any CPU.Build.0 = Debug|Any CPU
		{9ADB9FEC-EA94-4306-93B0-2EE014A84BFB}.Release|Any CPU.ActiveCfg = Release|Any CPU
		{9ADB9FEC-EA94-4306-93B0-2EE014A84BFB}.Release|Any CPU.Build.0 = Release|Any CPU
	EndGlobalSection
	GlobalSection(SolutionProperties) = preSolution
		HideSolutionNode = FALSE
	EndGlobalSection
	GlobalSection(ExtensibilityGlobals) = postSolution
		SolutionGuid = {EFEA97B2-BD83-4244-A702-AE98B64B5686}
	EndGlobalSection
EndGlobal
